
Microsoft Visual Studio Solution File, Format Version 12.00
Project("{FAE04EC0-301F-11D3-BF4B-00C04F79EFBC}") = "Empire-Earth-Mod", "Empire-Earth-Mod\Empire-Earth-Mod.csproj", "{0112D089-8DC3-4BAC-AAAD-DE70B7A314DF}"
EndProject
Project("{FAE04EC0-301F-11D3-BF4B-00C04F79EFBC}") = "Empire-Earth-Mod-Lib", "Empire-Earth-Mod-Lib\Empire-Earth-Mod-Lib.csproj", "{DF1CF00A-454B-4ECE-911A-CBB577D7360C}"
EndProject
Global
	GlobalSection(SolutionConfigurationPlatforms) = preSolution
		Debug|Any CPU = Debug|Any CPU
		Release|Any CPU = Release|Any CPU
	EndGlobalSection
	GlobalSection(ProjectConfigurationPlatforms) = postSolution
		{0112D089-8DC3-4BAC-AAAD-DE70B7A314DF}.Debug|Any CPU.ActiveCfg = Debug|Any CPU
		{0112D089-8DC3-4BAC-AAAD-DE70B7A314DF}.Debug|Any CPU.Build.0 = Debug|Any CPU
		{0112D089-8DC3-4BAC-AAAD-DE70B7A314DF}.Release|Any CPU.ActiveCfg = Release|Any CPU
		{0112D089-8DC3-4BAC-AAAD-DE70B7A314DF}.Release|Any CPU.Build.0 = Release|Any CPU
		{DF1CF00A-454B-4ECE-911A-CBB577D7360C}.Debug|Any CPU.ActiveCfg = Debug|Any CPU
		{DF1CF00A-454B-4ECE-911A-CBB577D7360C}.Debug|Any CPU.Build.0 = Debug|Any CPU
		{DF1CF00A-454B-4ECE-911A-CBB577D7360C}.Release|Any CPU.ActiveCfg = Release|Any CPU
		{DF1CF00A-454B-4ECE-911A-CBB577D7360C}.Release|Any CPU.Build.0 = Release|Any CPU
	EndGlobalSection
EndGlobal
